# This file is autogenerated, do not edit; changes may be undone by the next 'dep ensure'.


[[projects]]
  branch = "master"
  digest = "1:941b3b1c20872380379586af2420553bedccdb0ff39c4c1b2bdacb17483fa22d"
  name = "github.com/546669204/golang-http-do"
  packages = ["."]
  pruneopts = "UT"
  revision = "2047ec1931b30c50e7144cbcff0d64f86f6b04e0"

[[projects]]
  branch = "master"
  digest = "1:673c9c345144a4a631ae6f97a80e119367ad2d898306fcb05e64ce29d3b834d5"
  name = "github.com/axgle/mahonia"
  packages = ["."]
  pruneopts = "UT"
  revision = "3358181d7394e26beccfae0ffde05193ef3be33a"

[[projects]]
  branch = "master"
  digest = "1:ca1bfe03324601a4bd42482a331449c5f387ac014376b55515910ec3295ea15c"
  name = "github.com/bwmarrin/snowflake"
  packages = ["."]
  pruneopts = "UT"
  revision = "68117e6bbede4dd72d70c7a58d73348ead068509"

[[projects]]
  branch = "master"
  digest = "1:bc093d75c1b37877e777540c794fa39bde3fcffa0980a13855388d04e78dffab"
  name = "github.com/godaner/go-route"
  packages = ["route"]
  pruneopts = "UT"
  revision = "8227dbd5be6d46046a9c524666ae8e3ca4859f71"

[[projects]]
  branch = "master"
  digest = "1:96e768c322d5651cd716415c2b1daf87bf8ad8e5e4f316d80f0380bf1fd4fa24"
  name = "github.com/godaner/go-util"
  packages = ["."]
  pruneopts = "UT"
  revision = "4e0f0eca97c317869c599ba597614ea7928ff233"

[[projects]]
  branch = "master"
  digest = "1:467fe524dd39de2c5a4cc1c37de31ffed2b3d6e46ab9a73d32b60ebafd1ebd76"
  name = "github.com/godaner/wxrobot"
  packages = ["."]
  pruneopts = "UT"
  revision = "23542fb51622b32c2c4b3b8dc660610df3f69125"

[[projects]]
  branch = "master"
  digest = "1:ecf48b1a67b683360f0f16fed126b35cebf8cbeca4390f31641e6ba4fe19dd76"
  name = "github.com/larspensjo/config"
  packages = ["."]
  pruneopts = "UT"
  revision = "b6db95dc6321c46dab9cd53d0c85164a27686aa6"

[[projects]]
  branch = "master"
  digest = "1:e52b786f6b8d8f111d8ed8dd01ee8ce9efd35ec5a0bfcdc18662cea5f64a84b8"
  name = "github.com/maruel/rs"
  packages = [
    ".",
    "internal/gf256",
  ]
  pruneopts = "UT"
  revision = "2c81c4312fe4ee48bed510bdc37ddd499d2d9e9a"

[[projects]]
  digest = "1:41f8c34c3ab0a8b7107cebd358aefc16389ff5a4c17d110b2e496ec1c7c5beca"
  name = "github.com/mdp/qrterminal"
  packages = ["."]
  pruneopts = "UT"
  revision = "0610c700bc3844bd7ef9c27f032fe448fe224f40"
  version = "v1.0.0"

[[projects]]
  digest = "1:40e195917a951a8bf867cd05de2a46aaf1806c50cf92eebf4c16f78cd196f747"
  name = "github.com/pkg/errors"
  packages = ["."]
  pruneopts = "UT"
  revision = "645ef00459ed84a119197bfb8d8205042c6df63d"
  version = "v0.8.0"

[[projects]]
  digest = "1:5258068b2b83fac8c8fb9fc64f10c6885d61c0818c86f2836ef2c52dc0f29522"
  name = "github.com/rsc/qr"
  packages = ["."]
  pruneopts = "UT"
  revision = "48b2ede4844e13f1a2b7ce4d2529c9af7e359fc5"
  version = "v0.1.0"

[[projects]]
  branch = "master"
  digest = "1:bf1cb2d456a753d515d90e43c4b05afa4837e75d7808d1752607b91007ce25bb"
  name = "github.com/skip2/go-qrcode"
  packages = [
    ".",
    "bitset",
    "reedsolomon",
  ]
  pruneopts = "UT"
  revision = "cf5f9fa2f0d847edb8e038db7ed975e239095e1a"

[[projects]]
  branch = "master"
  digest = "1:9ac241cddecd5a8f687864afd2896f8ada6b5d771c0976d64060ba86d66482e4"
  name = "github.com/tuotoo/qrcode"
  packages = ["."]
  pruneopts = "UT"
  revision = "6cbfb834f9f328f3d3c2e44a50cdcaa330466e4c"

[[projects]]
  branch = "v3"
  digest = "1:7388652e2215a3f45d341d58766ed58317971030eb1cbd75f005f96ace8e9196"
  name = "gopkg.in/alexcesaro/quotedprintable.v3"
  packages = ["."]
  pruneopts = "UT"
  revision = "2caba252f4dc53eaf6b553000885530023f54623"

[[projects]]
  digest = "1:eebd52aee67d9f1e0af1859a584e14b1817581dd5f90d4585418c27b6a93c966"
  name = "gopkg.in/gomail.v2"
  packages = ["."]
  pruneopts = "UT"
  revision = "41f3572897373c5538c50a2402db15db079fa4fd"
  version = "2.0.0"

[[projects]]
  digest = "1:10aaee8ca3ebf2edad8e33398da918b7948f541cd372ff1a8948f724cfd4610f"
  name = "rsc.io/qr"
  packages = [
    "coding",
    "gf256",
  ]
  pruneopts = "UT"
  revision = "48b2ede4844e13f1a2b7ce4d2529c9af7e359fc5"
  version = "v0.1.0"

[solve-meta]
  analyzer-name = "dep"
  analyzer-version = 1
  input-imports = [
    "github.com/godaner/go-route/route",
    "github.com/godaner/go-util",
    "github.com/godaner/wxrobot",
    "github.com/larspensjo/config",
    "github.com/skip2/go-qrcode",
    "gopkg.in/gomail.v2",
  ]
  solver-name = "gps-cdcl"
  solver-version = 1
